// !$*UTF8*$!
{
	archiveVersion = 1;
	classes = {
	};
	objectVersion = 77;
	objects = {

/* Begin PBXContainerItemProxy section */
		CC5214252D3A45A1003F90CE /* PBXContainerItemProxy */ = {
			isa = PBXContainerItemProxy;
			containerPortal = CC52140C2D3A459B003F90CE /* Project object */;
			proxyType = 1;
			remoteGlobalIDString = CC5214132D3A459B003F90CE;
			remoteInfo = MyNoteApp;
		};
		CC52142F2D3A45A1003F90CE /* PBXContainerItemProxy */ = {
			isa = PBXContainerItemProxy;
			containerPortal = CC52140C2D3A459B003F90CE /* Project object */;
			proxyType = 1;
			remoteGlobalIDString = CC5214132D3A459B003F90CE;
			remoteInfo = MyNoteApp;
		};
/* End PBXContainerItemProxy section */

/* Begin PBXFileReference section */
		CC5214142D3A459B003F90CE /* MyNoteApp.app */ = {isa = PBXFileReference; explicitFileType = wrapper.application; includeInIndex = 0; path = MyNoteApp.app; sourceTree = BUILT_PRODUCTS_DIR; };
		CC5214242D3A45A1003F90CE /* MyNoteAppTests.xctest */ = {isa = PBXFileReference; explicitFileType = wrapper.cfbundle; includeInIndex = 0; path = MyNoteAppTests.xctest; sourceTree = BUILT_PRODUCTS_DIR; };
		CC52142E2D3A45A1003F90CE /* MyNoteAppUITests.xctest */ = {isa = PBXFileReference; explicitFileType = wrapper.cfbundle; includeInIndex = 0; path = MyNoteAppUITests.xctest; sourceTree = BUILT_PRODUCTS_DIR; };
/* End PBXFileReference section */

/* Begin PBXFileSystemSynchronizedRootGroup section */
		CC5214162D3A459B003F90CE /* MyNoteApp */ = {
			isa = PBXFileSystemSynchronizedRootGroup;
			path = MyNoteApp;
			sourceTree = "<group>";
		};
		CC5214272D3A45A1003F90CE /* MyNoteAppTests */ = {
			isa = PBXFileSystemSynchronizedRootGroup;
			path = MyNoteAppTests;
			sourceTree = "<group>";
		};
		CC5214312D3A45A1003F90CE /* MyNoteAppUITests */ = {
			isa = PBXFileSystemSynchronizedRootGroup;
			path = MyNoteAppUITests;
			sourceTree = "<group>";
		};
/* End PBXFileSystemSynchronizedRootGroup section */

/* Begin PBXFrameworksBuildPhase section */
		CC5214112D3A459B003F90CE /* Frameworks */ = {
			isa = PBXFrameworksBuildPhase;
			buildActionMask = 2147483647;
			files = (
			);
			runOnlyForDeploymentPostprocessing = 0;
		};
		CC5214212D3A45A1003F90CE /* Frameworks */ = {
			isa = PBXFrameworksBuildPhase;
			buildActionMask = 2147483647;
			files = (
			);
			runOnlyForDeploymentPostprocessing = 0;
		};
		CC52142B2D3A45A1003F90CE /* Frameworks */ = {
			isa = PBXFrameworksBuildPhase;
			buildActionMask = 2147483647;
			files = (
			);
			runOnlyForDeploymentPostprocessing = 0;
		};
/* End PBXFrameworksBuildPhase section */

/* Begin PBXGroup section */
		CC52140B2D3A459B003F90CE = {
			isa = PBXGroup;
			children = (
				CC5214162D3A459B003F90CE /* MyNoteApp */,
				CC5214272D3A45A1003F90CE /* MyNoteAppTests */,
				CC5214312D3A45A1003F90CE /* MyNoteAppUITests */,
				CC5214152D3A459B003F90CE /* Products */,
			);
			sourceTree = "<group>";
		};
		CC5214152D3A459B003F90CE /* Products */ = {
			isa = PBXGroup;
			children = (
				CC5214142D3A459B003F90CE /* MyNoteApp.app */,
				CC5214242D3A45A1003F90CE /* MyNoteAppTests.xctest */,
				CC52142E2D3A45A1003F90CE /* MyNoteAppUITests.xctest */,
			);
			name = Products;
			sourceTree = "<group>";
		};
/* End PBXGroup section */

/* Begin PBXNativeTarget section */
		CC5214132D3A459B003F90CE /* MyNoteApp */ = {
			isa = PBXNativeTarget;
			buildConfigurationList = CC5214382D3A45A1003F90CE /* Build configuration list for PBXNativeTarget "MyNoteApp" */;
			buildPhases = (
				CC5214102D3A459B003F90CE /* Sources */,
				CC5214112D3A459B003F90CE /* Frameworks */,
				CC5214122D3A459B003F90CE /* Resources */,
			);
			buildRules = (
			);
			dependencies = (
			);
			fileSystemSynchronizedGroups = (
				CC5214162D3A459B003F90CE /* MyNoteApp */,
			);
			name = MyNoteApp;
			packageProductDependencies = (
			);
			productName = MyNoteApp;
			productReference = CC5214142D3A459B003F90CE /* MyNoteApp.app */;
			productType = "com.apple.product-type.application";
		};
		CC5214232D3A45A1003F90CE /* MyNoteAppTests */ = {
			isa = PBXNativeTarget;
			buildConfigurationList = CC52143B2D3A45A1003F90CE /* Build configuration list for PBXNativeTarget "MyNoteAppTests" */;
			buildPhases = (
				CC5214202D3A45A1003F90CE /* Sources */,
				CC5214212D3A45A1003F90CE /* Frameworks */,
				CC5214222D3A45A1003F90CE /* Resources */,
			);
			buildRules = (
			);
			dependencies = (
				CC5214262D3A45A1003F90CE /* PBXTargetDependency */,
			);
			fileSystemSynchronizedGroups = (
				CC5214272D3A45A1003F90CE /* MyNoteAppTests */,
			);
			name = MyNoteAppTests;
			packageProductDependencies = (
			);
			productName = MyNoteAppTests;
			productReference = CC5214242D3A45A1003F90CE /* MyNoteAppTests.xctest */;
			productType = "com.apple.product-type.bundle.unit-test";
		};
		CC52142D2D3A45A1003F90CE /* MyNoteAppUITests */ = {
			isa = PBXNativeTarget;
			buildConfigurationList = CC52143E2D3A45A1003F90CE /* Build configuration list for PBXNativeTarget "MyNoteAppUITests" */;
			buildPhases = (
				CC52142A2D3A45A1003F90CE /* Sources */,
				CC52142B2D3A45A1003F90CE /* Frameworks */,
				CC52142C2D3A45A1003F90CE /* Resources */,
			);
			buildRules = (
			);
			dependencies = (
				CC5214302D3A45A1003F90CE /* PBXTargetDependency */,
			);
			fileSystemSynchronizedGroups = (
				CC5214312D3A45A1003F90CE /* MyNoteAppUITests */,
			);
			name = MyNoteAppUITests;
			packageProductDependencies = (
			);
			productName = MyNoteAppUITests;
			productReference = CC52142E2D3A45A1003F90CE /* MyNoteAppUITests.xctest */;
			productType = "com.apple.product-type.bundle.ui-testing";
		};
/* End PBXNativeTarget section */

/* Begin PBXProject section */
		CC52140C2D3A459B003F90CE /* Project object */ = {
			isa = PBXProject;
			attributes = {
				BuildIndependentTargetsInParallel = 1;
				LastSwiftUpdateCheck = 1620;
				LastUpgradeCheck = 1620;
				TargetAttributes = {
					CC5214132D3A459B003F90CE = {
						CreatedOnToolsVersion = 16.2;
					};
					CC5214232D3A45A1003F90CE = {
						CreatedOnToolsVersion = 16.2;
						TestTargetID = CC5214132D3A459B003F90CE;
					};
					CC52142D2D3A45A1003F90CE = {
						CreatedOnToolsVersion = 16.2;
						TestTargetID = CC5214132D3A459B003F90CE;
					};
				};
			};
			buildConfigurationList = CC52140F2D3A459B003F90CE /* Build configuration list for PBXProject "MyNoteApp" */;
			developmentRegion = en;
			hasScannedForEncodings = 0;
			knownRegions = (
				en,
				Base,
			);
			mainGroup = CC52140B2D3A459B003F90CE;
			minimizedProjectReferenceProxies = 1;
			preferredProjectObjectVersion = 77;
			productRefGroup = CC5214152D3A459B003F90CE /* Products */;
			projectDirPath = "";
			projectRoot = "";
			targets = (
				CC5214132D3A459B003F90CE /* MyNoteApp */,
				CC5214232D3A45A1003F90CE /* MyNoteAppTests */,
				CC52142D2D3A45A1003F90CE /* MyNoteAppUITests */,
			);
		};
/* End PBXProject section */

/* Begin PBXResourcesBuildPhase section */
		CC5214122D3A459B003F90CE /* Resources */ = {
			isa = PBXResourcesBuildPhase;
			buildActionMask = 2147483647;
			files = (
			);
			runOnlyForDeploymentPostprocessing = 0;
		};
		CC5214222D3A45A1003F90CE /* Resources */ = {
			isa = PBXResourcesBuildPhase;
			buildActionMask = 2147483647;
			files = (
			);
			runOnlyForDeploymentPostprocessing = 0;
		};
		CC52142C2D3A45A1003F90CE /* Resources */ = {
			isa = PBXResourcesBuildPhase;
			buildActionMask = 2147483647;
			files = (
			);
			runOnlyForDeploymentPostprocessing = 0;
		};
/* End PBXResourcesBuildPhase section */

/* Begin PBXSourcesBuildPhase section */
		CC5214102D3A459B003F90CE /* Sources */ = {
			isa = PBXSourcesBuildPhase;
			buildActionMask = 2147483647;
			files = (
			);
			runOnlyForDeploymentPostprocessing = 0;
		};
		CC5214202D3A45A1003F90CE /* Sources */ = {
			isa = PBXSourcesBuildPhase;
			buildActionMask = 2147483647;
			files = (
			);
			runOnlyForDeploymentPostprocessing = 0;
		};
		CC52142A2D3A45A1003F90CE /* Sources */ = {
			isa = PBXSourcesBuildPhase;
			buildActionMask = 2147483647;
			files = (
			);
			runOnlyForDeploymentPostprocessing = 0;
		};
/* End PBXSourcesBuildPhase section */

/* Begin PBXTargetDependency section */
		CC5214262D3A45A1003F90CE /* PBXTargetDependency */ = {
			isa = PBXTargetDependency;
			target = CC5214132D3A459B003F90CE /* MyNoteApp */;
			targetProxy = CC5214252D3A45A1003F90CE /* PBXContainerItemProxy */;
		};
		CC5214302D3A45A1003F90CE /* PBXTargetDependency */ = {
			isa = PBXTargetDependency;
			target = CC5214132D3A459B003F90CE /* MyNoteApp */;
			targetProxy = CC52142F2D3A45A1003F90CE /* PBXContainerItemProxy */;
		};
/* End PBXTargetDependency section */

/* Begin XCBuildConfiguration section */
		CC5214362D3A45A1003F90CE /* Debug */ = {
			isa = XCBuildConfiguration;
			buildSettings = {
				ALWAYS_SEARCH_USER_PATHS = NO;
				ASSETCATALOG_COMPILER_GENERATE_SWIFT_ASSET_SYMBOL_EXTENSIONS = YES;
				CLANG_ANALYZER_NONNULL = YES;
				CLANG_ANALYZER_NUMBER_OBJECT_CONVERSION = YES_AGGRESSIVE;
				CLANG_CXX_LANGUAGE_STANDARD = "gnu++20";
				CLANG_ENABLE_MODULES = YES;
				CLANG_ENABLE_OBJC_ARC = YES;
				CLANG_ENABLE_OBJC_WEAK = YES;
				CLANG_WARN_BLOCK_CAPTURE_AUTORELEASING = YES;
				CLANG_WARN_BOOL_CONVERSION = YES;
				CLANG_WARN_COMMA = YES;
				CLANG_WARN_CONSTANT_CONVERSION = YES;
				CLANG_WARN_DEPRECATED_OBJC_IMPLEMENTATIONS = YES;
				CLANG_WARN_DIRECT_OBJC_ISA_USAGE = YES_ERROR;
				CLANG_WARN_DOCUMENTATION_COMMENTS = YES;
				CLANG_WARN_EMPTY_BODY = YES;
				CLANG_WARN_ENUM_CONVERSION = YES;
				CLANG_WARN_INFINITE_RECURSION = YES;
				CLANG_WARN_INT_CONVERSION = YES;
				CLANG_WARN_NON_LITERAL_NULL_CONVERSION = YES;
				CLANG_WARN_OBJC_IMPLICIT_RETAIN_SELF = YES;
				CLANG_WARN_OBJC_LITERAL_CONVERSION = YES;
				CLANG_WARN_OBJC_ROOT_CLASS = YES_ERROR;
				CLANG_WARN_QUOTED_INCLUDE_IN_FRAMEWORK_HEADER = YES;
				CLANG_WARN_RANGE_LOOP_ANALYSIS = YES;
				CLANG_WARN_STRICT_PROTOTYPES = YES;
				CLANG_WARN_SUSPICIOUS_MOVE = YES;
				CLANG_WARN_UNGUARDED_AVAILABILITY = YES_AGGRESSIVE;
				CLANG_WARN_UNREACHABLE_CODE = YES;
				CLANG_WARN__DUPLICATE_METHOD_MATCH = YES;
				COPY_PHASE_STRIP = NO;
				DEBUG_INFORMATION_FORMAT = dwarf;
				ENABLE_STRICT_OBJC_MSGSEND = YES;
				ENABLE_TESTABILITY = YES;
				ENABLE_USER_SCRIPT_SANDBOXING = YES;
				GCC_C_LANGUAGE_STANDARD = gnu17;
				GCC_DYNAMIC_NO_PIC = NO;
				GCC_NO_COMMON_BLOCKS = YES;
				GCC_OPTIMIZATION_LEVEL = 0;
				GCC_PREPROCESSOR_DEFINITIONS = (
					"DEBUG=1",
					"$(inherited)",
				);
				GCC_WARN_64_TO_32_BIT_CONVERSION = YES;
				GCC_WARN_ABOUT_RETURN_TYPE = YES_ERROR;
				GCC_WARN_UNDECLARED_SELECTOR = YES;
				GCC_WARN_UNINITIALIZED_AUTOS = YES_AGGRESSIVE;
				GCC_WARN_UNUSED_FUNCTION = YES;
				GCC_WARN_UNUSED_VARIABLE = YES;
				IPHONEOS_DEPLOYMENT_TARGET = 18.2;
				LOCALIZATION_PREFERS_STRING_CATALOGS = YES;
				MTL_ENABLE_DEBUG_INFO = INCLUDE_SOURCE;
				MTL_FAST_MATH = YES;
				ONLY_ACTIVE_ARCH = YES;
				SDKROOT = iphoneos;
				SWIFT_ACTIVE_COMPILATION_CONDITIONS = "DEBUG $(inherited)";
				SWIFT_OPTIMIZATION_LEVEL = "-Onone";
			};
			name = Debug;
		};
		CC5214372D3A45A1003F90CE /* Release */ = {
			isa = XCBuildConfiguration;
			buildSettings = {
				ALWAYS_SEARCH_USER_PATHS = NO;
				ASSETCATALOG_COMPILER_GENERATE_SWIFT_ASSET_SYMBOL_EXTENSIONS = YES;
				CLANG_ANALYZER_NONNULL = YES;
				CLANG_ANALYZER_NUMBER_OBJECT_CONVERSION = YES_AGGRESSIVE;
				CLANG_CXX_LANGUAGE_STANDARD = "gnu++20";
				CLANG_ENABLE_MODULES = YES;
				CLANG_ENABLE_OBJC_ARC = YES;
				CLANG_ENABLE_OBJC_WEAK = YES;
				CLANG_WARN_BLOCK_CAPTURE_AUTORELEASING = YES;
				CLANG_WARN_BOOL_CONVERSION = YES;
				CLANG_WARN_COMMA = YES;
				CLANG_WARN_CONSTANT_CONVERSION = YES;
				CLANG_WARN_DEPRECATED_OBJC_IMPLEMENTATIONS = YES;
				CLANG_WARN_DIRECT_OBJC_ISA_USAGE = YES_ERROR;
				CLANG_WARN_DOCUMENTATION_COMMENTS = YES;
				CLANG_WARN_EMPTY_BODY = YES;
				CLANG_WARN_ENUM_CONVERSION = YES;
				CLANG_WARN_INFINITE_RECURSION = YES;
				CLANG_WARN_INT_CONVERSION = YES;
				CLANG_WARN_NON_LITERAL_NULL_CONVERSION = YES;
				CLANG_WARN_OBJC_IMPLICIT_RETAIN_SELF = YES;
				CLANG_WARN_OBJC_LITERAL_CONVERSION = YES;
				CLANG_WARN_OBJC_ROOT_CLASS = YES_ERROR;
				CLANG_WARN_QUOTED_INCLUDE_IN_FRAMEWORK_HEADER = YES;
				CLANG_WARN_RANGE_LOOP_ANALYSIS = YES;
				CLANG_WARN_STRICT_PROTOTYPES = YES;
				CLANG_WARN_SUSPICIOUS_MOVE = YES;
				CLANG_WARN_UNGUARDED_AVAILABILITY = YES_AGGRESSIVE;
				CLANG_WARN_UNREACHABLE_CODE = YES;
				CLANG_WARN__DUPLICATE_METHOD_MATCH = YES;
				COPY_PHASE_STRIP = NO;
				DEBUG_INFORMATION_FORMAT = "dwarf-with-dsym";
				ENABLE_NS_ASSERTIONS = NO;
				ENABLE_STRICT_OBJC_MSGSEND = YES;
				ENABLE_USER_SCRIPT_SANDBOXING = YES;
				GCC_C_LANGUAGE_STANDARD = gnu17;
				GCC_NO_COMMON_BLOCKS = YES;
				GCC_WARN_64_TO_32_BIT_CONVERSION = YES;
				GCC_WARN_ABOUT_RETURN_TYPE = YES_ERROR;
				GCC_WARN_UNDECLARED_SELECTOR = YES;
				GCC_WARN_UNINITIALIZED_AUTOS = YES_AGGRESSIVE;
				GCC_WARN_UNUSED_FUNCTION = YES;
				GCC_WARN_UNUSED_VARIABLE = YES;
				IPHONEOS_DEPLOYMENT_TARGET = 18.2;
				LOCALIZATION_PREFERS_STRING_CATALOGS = YES;
				MTL_ENABLE_DEBUG_INFO = NO;
				MTL_FAST_MATH = YES;
				SDKROOT = iphoneos;
				SWIFT_COMPILATION_MODE = wholemodule;
				VALIDATE_PRODUCT = YES;
			};
			name = Release;
		};
		CC5214392D3A45A1003F90CE /* Debug */ = {
			isa = XCBuildConfiguration;
			buildSettings = {
				ASSETCATALOG_COMPILER_APPICON_NAME = AppIcon;
				ASSETCATALOG_COMPILER_GLOBAL_ACCENT_COLOR_NAME = AccentColor;
				CODE_SIGN_STYLE = Automatic;
				CURRENT_PROJECT_VERSION = 1;
				DEVELOPMENT_ASSET_PATHS = "\"MyNoteApp/Preview Content\"";
				ENABLE_PREVIEWS = YES;
				GENERATE_INFOPLIST_FILE = YES;
				INFOPLIST_KEY_UIApplicationSceneManifest_Generation = YES;
				INFOPLIST_KEY_UIApplicationSupportsIndirectInputEvents = YES;
				INFOPLIST_KEY_UILaunchScreen_Generation = YES;
				INFOPLIST_KEY_UISupportedInterfaceOrientations_iPad = "UIInterfaceOrientationPortrait UIInterfaceOrientationPortraitUpsideDown UIInterfaceOrientationLandscapeLeft UIInterfaceOrientationLandscapeRight";
				INFOPLIST_KEY_UISupportedInterfaceOrientations_iPhone = "UIInterfaceOrientationPortrait UIInterfaceOrientationLandscapeLeft UIInterfaceOrientationLandscapeRight";
				LD_RUNPATH_SEARCH_PATHS = (
					"$(inherited)",
					"@executable_path/Frameworks",
				);
				MARKETING_VERSION = 1.0;
				PRODUCT_BUNDLE_IDENTIFIER = "my-note-app.MyNoteApp";
				PRODUCT_NAME = "$(TARGET_NAME)";
				SWIFT_EMIT_LOC_STRINGS = YES;
				SWIFT_VERSION = 5.0;
				TARGETED_DEVICE_FAMILY = "1,2";
			};
			name = Debug;
		};
		CC52143A2D3A45A1003F90CE /* Release */ = {
			isa = XCBuildConfiguration;
			buildSettings = {
				ASSETCATALOG_COMPILER_APPICON_NAME = AppIcon;
				ASSETCATALOG_COMPILER_GLOBAL_ACCENT_COLOR_NAME = AccentColor;
				CODE_SIGN_STYLE = Automatic;
				CURRENT_PROJECT_VERSION = 1;
				DEVELOPMENT_ASSET_PATHS = "\"MyNoteApp/Preview Content\"";
				ENABLE_PREVIEWS = YES;
				GENERATE_INFOPLIST_FILE = YES;
				INFOPLIST_KEY_UIApplicationSceneManifest_Generation = YES;
				INFOPLIST_KEY_UIApplicationSupportsIndirectInputEvents = YES;
				INFOPLIST_KEY_UILaunchScreen_Generation = YES;
				INFOPLIST_KEY_UISupportedInterfaceOrientations_iPad = "UIInterfaceOrientationPortrait UIInterfaceOrientationPortraitUpsideDown UIInterfaceOrientationLandscapeLeft UIInterfaceOrientationLandscapeRight";
				INFOPLIST_KEY_UISupportedInterfaceOrientations_iPhone = "UIInterfaceOrientationPortrait UIInterfaceOrientationLandscapeLeft UIInterfaceOrientationLandscapeRight";
				LD_RUNPATH_SEARCH_PATHS = (
					"$(inherited)",
					"@executable_path/Frameworks",
				);
				MARKETING_VERSION = 1.0;
				PRODUCT_BUNDLE_IDENTIFIER = "my-note-app.MyNoteApp";
				PRODUCT_NAME = "$(TARGET_NAME)";
				SWIFT_EMIT_LOC_STRINGS = YES;
				SWIFT_VERSION = 5.0;
				TARGETED_DEVICE_FAMILY = "1,2";
			};
			name = Release;
		};
		CC52143C2D3A45A1003F90CE /* Debug */ = {
			isa = XCBuildConfiguration;
			buildSettings = {
				BUNDLE_LOADER = "$(TEST_HOST)";
				CODE_SIGN_STYLE = Automatic;
				CURRENT_PROJECT_VERSION = 1;
				GENERATE_INFOPLIST_FILE = YES;
				IPHONEOS_DEPLOYMENT_TARGET = 18.2;
				MARKETING_VERSION = 1.0;
				PRODUCT_BUNDLE_IDENTIFIER = "my-note-app.MyNoteAppTests";
				PRODUCT_NAME = "$(TARGET_NAME)";
				SWIFT_EMIT_LOC_STRINGS = NO;
				SWIFT_VERSION = 5.0;
				TARGETED_DEVICE_FAMILY = "1,2";
				TEST_HOST = "$(BUILT_PRODUCTS_DIR)/MyNoteApp.app/$(BUNDLE_EXECUTABLE_FOLDER_PATH)/MyNoteApp";
			};
			name = Debug;
		};
		CC52143D2D3A45A1003F90CE /* Release */ = {
			isa = XCBuildConfiguration;
			buildSettings = {
				BUNDLE_LOADER = "$(TEST_HOST)";
				CODE_SIGN_STYLE = Automatic;
				CURRENT_PROJECT_VERSION = 1;
				GENERATE_INFOPLIST_FILE = YES;
				IPHONEOS_DEPLOYMENT_TARGET = 18.2;
				MARKETING_VERSION = 1.0;
				PRODUCT_BUNDLE_IDENTIFIER = "my-note-app.MyNoteAppTests";
				PRODUCT_NAME = "$(TARGET_NAME)";
				SWIFT_EMIT_LOC_STRINGS = NO;
				SWIFT_VERSION = 5.0;
				TARGETED_DEVICE_FAMILY = "1,2";
				TEST_HOST = "$(BUILT_PRODUCTS_DIR)/MyNoteApp.app/$(BUNDLE_EXECUTABLE_FOLDER_PATH)/MyNoteApp";
			};
			name = Release;
		};
		CC52143F2D3A45A1003F90CE /* Debug */ = {
			isa = XCBuildConfiguration;
			buildSettings = {
				CODE_SIGN_STYLE = Automatic;
				CURRENT_PROJECT_VERSION = 1;
				GENERATE_INFOPLIST_FILE = YES;
				MARKETING_VERSION = 1.0;
				PRODUCT_BUNDLE_IDENTIFIER = "my-note-app.MyNoteAppUITests";
				PRODUCT_NAME = "$(TARGET_NAME)";
				SWIFT_EMIT_LOC_STRINGS = NO;
				SWIFT_VERSION = 5.0;
				TARGETED_DEVICE_FAMILY = "1,2";
				TEST_TARGET_NAME = MyNoteApp;
			};
			name = Debug;
		};
		CC5214402D3A45A1003F90CE /* Release */ = {
			isa = XCBuildConfiguration;
			buildSettings = {
				CODE_SIGN_STYLE = Automatic;
				CURRENT_PROJECT_VERSION = 1;
				GENERATE_INFOPLIST_FILE = YES;
				MARKETING_VERSION = 1.0;
				PRODUCT_BUNDLE_IDENTIFIER = "my-note-app.MyNoteAppUITests";
				PRODUCT_NAME = "$(TARGET_NAME)";
				SWIFT_EMIT_LOC_STRINGS = NO;
				SWIFT_VERSION = 5.0;
				TARGETED_DEVICE_FAMILY = "1,2";
				TEST_TARGET_NAME = MyNoteApp;
			};
			name = Release;
		};
/* End XCBuildConfiguration section */

/* Begin XCConfigurationList section */
		CC52140F2D3A459B003F90CE /* Build configuration list for PBXProject "MyNoteApp" */ = {
			isa = XCConfigurationList;
			buildConfigurations = (
				CC5214362D3A45A1003F90CE /* Debug */,
				CC5214372D3A45A1003F90CE /* Release */,
			);
			defaultConfigurationIsVisible = 0;
			defaultConfigurationName = Release;
		};
		CC5214382D3A45A1003F90CE /* Build configuration list for PBXNativeTarget "MyNoteApp" */ = {
			isa = XCConfigurationList;
			buildConfigurations = (
				CC5214392D3A45A1003F90CE /* Debug */,
				CC52143A2D3A45A1003F90CE /* Release */,
			);
			defaultConfigurationIsVisible = 0;
			defaultConfigurationName = Release;
		};
		CC52143B2D3A45A1003F90CE /* Build configuration list for PBXNativeTarget "MyNoteAppTests" */ = {
			isa = XCConfigurationList;
			buildConfigurations = (
				CC52143C2D3A45A1003F90CE /* Debug */,
				CC52143D2D3A45A1003F90CE /* Release */,
			);
			defaultConfigurationIsVisible = 0;
			defaultConfigurationName = Release;
		};
		CC52143E2D3A45A1003F90CE /* Build configuration list for PBXNativeTarget "MyNoteAppUITests" */ = {
			isa = XCConfigurationList;
			buildConfigurations = (
				CC52143F2D3A45A1003F90CE /* Debug */,
				CC5214402D3A45A1003F90CE /* Release */,
			);
			defaultConfigurationIsVisible = 0;
			defaultConfigurationName = Release;
		};
/* End XCConfigurationList section */
	};
	rootObject = CC52140C2D3A459B003F90CE /* Project object */;
}
